
Microsoft Visual Studio Solution File, Format Version 12.00
# Visual Studio 15
VisualStudioVersion = 15.0.27703.2047
MinimumVisualStudioVersion = 10.0.40219.1
Project("{FAE04EC0-301F-11D3-BF4B-00C04F79EFBC}") = "NickiMinAPI", "NickiMinAPI\NickiMinAPI.csproj", "{1292FEA4-80B3-488F-B9D4-F328FE1B1DCD}"
	ProjectSection(ProjectDependencies) = postProject
		{C90477A6-8929-4068-A619-5E89D3356177} = {C90477A6-8929-4068-A619-5E89D3356177}
	EndProjectSection
EndProject
Project("{FAE04EC0-301F-11D3-BF4B-00C04F79EFBC}") = "NickiMinLibrary", "NickiMinLibrary\NickiMinLibrary.csproj", "{C90477A6-8929-4068-A619-5E89D3356177}"
EndProject
Global
	GlobalSection(SolutionConfigurationPlatforms) = preSolution
		Debug|Any CPU = Debug|Any CPU
		Release|Any CPU = Release|Any CPU
	EndGlobalSection
	GlobalSection(ProjectConfigurationPlatforms) = postSolution
		{1292FEA4-80B3-488F-B9D4-F328FE1B1DCD}.Debug|Any CPU.ActiveCfg = Debug|Any CPU
		{1292FEA4-80B3-488F-B9D4-F328FE1B1DCD}.Debug|Any CPU.Build.0 = Debug|Any CPU
		{1292FEA4-80B3-488F-B9D4-F328FE1B1DCD}.Release|Any CPU.ActiveCfg = Release|Any CPU
		{1292FEA4-80B3-488F-B9D4-F328FE1B1DCD}.Release|Any CPU.Build.0 = Release|Any CPU
		{C90477A6-8929-4068-A619-5E89D3356177}.Debug|Any CPU.ActiveCfg = Debug|Any CPU
		{C90477A6-8929-4068-A619-5E89D3356177}.Debug|Any CPU.Build.0 = Debug|Any CPU
		{C90477A6-8929-4068-A619-5E89D3356177}.Release|Any CPU.ActiveCfg = Release|Any CPU
		{C90477A6-8929-4068-A619-5E89D3356177}.Release|Any CPU.Build.0 = Release|Any CPU
	EndGlobalSection
	GlobalSection(SolutionProperties) = preSolution
		HideSolutionNode = FALSE
	EndGlobalSection
	GlobalSection(ExtensibilityGlobals) = postSolution
		SolutionGuid = {D9FE4AB3-8D8D-41F2-BC43-4C717570A37F}
	EndGlobalSection
EndGlobal
